// !$*UTF8*$!
{
	archiveVersion = 1;
	classes = {
	};
	objectVersion = 55;
	objects = {

/* Begin PBXBuildFile section */
		332B6C3F28BB6BFF001A573C /* SqaureButtom.swift in Sources */ = {isa = PBXBuildFile; fileRef = 332B6C3E28BB6BFF001A573C /* SqaureButtom.swift */; };
		332B6C4128BC0E65001A573C /* Stockbutton.swift in Sources */ = {isa = PBXBuildFile; fileRef = 332B6C4028BC0E65001A573C /* Stockbutton.swift */; };
		334E705728BCB3C500CBC1E6 /* Rectangle Button.swift in Sources */ = {isa = PBXBuildFile; fileRef = 334E705628BCB3C500CBC1E6 /* Rectangle Button.swift */; };
		334E705A28BCBA6C00CBC1E6 /* Color.swift in Sources */ = {isa = PBXBuildFile; fileRef = 334E705928BCBA6C00CBC1E6 /* Color.swift */; };
		334E705C28BCCF8D00CBC1E6 /* ProfileButton.swift in Sources */ = {isa = PBXBuildFile; fileRef = 334E705B28BCCF8D00CBC1E6 /* ProfileButton.swift */; };
		33A5437328A8523600269AB7 /* UiWorksDemoApp.swift in Sources */ = {isa = PBXBuildFile; fileRef = 33A5437228A8523600269AB7 /* UiWorksDemoApp.swift */; };
		33A5437528A8523600269AB7 /* ContentView.swift in Sources */ = {isa = PBXBuildFile; fileRef = 33A5437428A8523600269AB7 /* ContentView.swift */; };
		33A5437728A8523800269AB7 /* Assets.xcassets in Resources */ = {isa = PBXBuildFile; fileRef = 33A5437628A8523800269AB7 /* Assets.xcassets */; };
		33A5437A28A8523800269AB7 /* Preview Assets.xcassets in Resources */ = {isa = PBXBuildFile; fileRef = 33A5437928A8523800269AB7 /* Preview Assets.xcassets */; };
		33B95AD328AF80FB006A7F85 /* Layout.swift in Sources */ = {isa = PBXBuildFile; fileRef = 33B95AD228AF80FB006A7F85 /* Layout.swift */; };
/* End PBXBuildFile section */

/* Begin PBXFileReference section */
		332B6C3E28BB6BFF001A573C /* SqaureButtom.swift */ = {isa = PBXFileReference; lastKnownFileType = sourcecode.swift; path = SqaureButtom.swift; sourceTree = "<group>"; };
		332B6C4028BC0E65001A573C /* Stockbutton.swift */ = {isa = PBXFileReference; lastKnownFileType = sourcecode.swift; path = Stockbutton.swift; sourceTree = "<group>"; };
		334E705628BCB3C500CBC1E6 /* Rectangle Button.swift */ = {isa = PBXFileReference; lastKnownFileType = sourcecode.swift; path = "Rectangle Button.swift"; sourceTree = "<group>"; };
		334E705928BCBA6C00CBC1E6 /* Color.swift */ = {isa = PBXFileReference; lastKnownFileType = sourcecode.swift; path = Color.swift; sourceTree = "<group>"; };
		334E705B28BCCF8D00CBC1E6 /* ProfileButton.swift */ = {isa = PBXFileReference; lastKnownFileType = sourcecode.swift; path = ProfileButton.swift; sourceTree = "<group>"; };
		33A5436F28A8523600269AB7 /* UiWorksDemo.app */ = {isa = PBXFileReference; explicitFileType = wrapper.application; includeInIndex = 0; path = UiWorksDemo.app; sourceTree = BUILT_PRODUCTS_DIR; };
		33A5437228A8523600269AB7 /* UiWorksDemoApp.swift */ = {isa = PBXFileReference; lastKnownFileType = sourcecode.swift; path = UiWorksDemoApp.swift; sourceTree = "<group>"; };
		33A5437428A8523600269AB7 /* ContentView.swift */ = {isa = PBXFileReference; lastKnownFileType = sourcecode.swift; path = ContentView.swift; sourceTree = "<group>"; };
		33A5437628A8523800269AB7 /* Assets.xcassets */ = {isa = PBXFileReference; lastKnownFileType = folder.assetcatalog; path = Assets.xcassets; sourceTree = "<group>"; };
		33A5437928A8523800269AB7 /* Preview Assets.xcassets */ = {isa = PBXFileReference; lastKnownFileType = folder.assetcatalog; path = "Preview Assets.xcassets"; sourceTree = "<group>"; };
		33B95AD228AF80FB006A7F85 /* Layout.swift */ = {isa = PBXFileReference; lastKnownFileType = sourcecode.swift; path = Layout.swift; sourceTree = "<group>"; };
/* End PBXFileReference section */

/* Begin PBXFrameworksBuildPhase section */
		33A5436C28A8523600269AB7 /* Frameworks */ = {
			isa = PBXFrameworksBuildPhase;
			buildActionMask = 2147483647;
			files = (
			);
			runOnlyForDeploymentPostprocessing = 0;
		};
/* End PBXFrameworksBuildPhase section */

/* Begin PBXGroup section */
		332C57AE28BD14AF00497954 /* Views */ = {
			isa = PBXGroup;
			children = (
				332B6C4028BC0E65001A573C /* Stockbutton.swift */,
				334E705B28BCCF8D00CBC1E6 /* ProfileButton.swift */,
				334E705628BCB3C500CBC1E6 /* Rectangle Button.swift */,
				332B6C3E28BB6BFF001A573C /* SqaureButtom.swift */,
			);
			path = Views;
			sourceTree = "<group>";
		};
		334E705828BCBA1300CBC1E6 /* Extension */ = {
			isa = PBXGroup;
			children = (
				334E705928BCBA6C00CBC1E6 /* Color.swift */,
			);
			path = Extension;
			sourceTree = "<group>";
		};
		33A5436628A8523600269AB7 = {
			isa = PBXGroup;
			children = (
				33A5437128A8523600269AB7 /* UiWorksDemo */,
				33A5437028A8523600269AB7 /* Products */,
			);
			sourceTree = "<group>";
		};
		33A5437028A8523600269AB7 /* Products */ = {
			isa = PBXGroup;
			children = (
				33A5436F28A8523600269AB7 /* UiWorksDemo.app */,
			);
			name = Products;
			sourceTree = "<group>";
		};
		33A5437128A8523600269AB7 /* UiWorksDemo */ = {
			isa = PBXGroup;
			children = (
				33A5437228A8523600269AB7 /* UiWorksDemoApp.swift */,
				33A5437428A8523600269AB7 /* ContentView.swift */,
				334E705828BCBA1300CBC1E6 /* Extension */,
				332C57AE28BD14AF00497954 /* Views */,
				33B95AD228AF80FB006A7F85 /* Layout.swift */,
				33A5437628A8523800269AB7 /* Assets.xcassets */,
				33A5437828A8523800269AB7 /* Preview Content */,
			);
			path = UiWorksDemo;
			sourceTree = "<group>";
		};
		33A5437828A8523800269AB7 /* Preview Content */ = {
			isa = PBXGroup;
			children = (
				33A5437928A8523800269AB7 /* Preview Assets.xcassets */,
			);
			path = "Preview Content";
			sourceTree = "<group>";
		};
/* End PBXGroup section */

/* Begin PBXNativeTarget section */
		33A5436E28A8523600269AB7 /* UiWorksDemo */ = {
			isa = PBXNativeTarget;
			buildConfigurationList = 33A5437D28A8523800269AB7 /* Build configuration list for PBXNativeTarget "UiWorksDemo" */;
			buildPhases = (
				33A5436B28A8523600269AB7 /* Sources */,
				33A5436C28A8523600269AB7 /* Frameworks */,
				33A5436D28A8523600269AB7 /* Resources */,
			);
			buildRules = (
			);
			dependencies = (
			);
			name = UiWorksDemo;
			productName = UiWorksDemo;
			productReference = 33A5436F28A8523600269AB7 /* UiWorksDemo.app */;
			productType = "com.apple.product-type.application";
		};
/* End PBXNativeTarget section */

/* Begin PBXProject section */
		33A5436728A8523600269AB7 /* Project object */ = {
			isa = PBXProject;
			attributes = {
				BuildIndependentTargetsInParallel = 1;
				LastSwiftUpdateCheck = 1340;
				LastUpgradeCheck = 1340;
				TargetAttributes = {
					33A5436E28A8523600269AB7 = {
						CreatedOnToolsVersion = 13.4.1;
					};
				};
			};
			buildConfigurationList = 33A5436A28A8523600269AB7 /* Build configuration list for PBXProject "UiWorksDemo" */;
			compatibilityVersion = "Xcode 13.0";
			developmentRegion = en;
			hasScannedForEncodings = 0;
			knownRegions = (
				en,
				Base,
			);
			mainGroup = 33A5436628A8523600269AB7;
			productRefGroup = 33A5437028A8523600269AB7 /* Products */;
			projectDirPath = "";
			projectRoot = "";
			targets = (
				33A5436E28A8523600269AB7 /* UiWorksDemo */,
			);
		};
/* End PBXProject section */

/* Begin PBXResourcesBuildPhase section */
		33A5436D28A8523600269AB7 /* Resources */ = {
			isa = PBXResourcesBuildPhase;
			buildActionMask = 2147483647;
			files = (
				33A5437A28A8523800269AB7 /* Preview Assets.xcassets in Resources */,
				33A5437728A8523800269AB7 /* Assets.xcassets in Resources */,
			);
			runOnlyForDeploymentPostprocessing = 0;
		};
/* End PBXResourcesBuildPhase section */

/* Begin PBXSourcesBuildPhase section */
		33A5436B28A8523600269AB7 /* Sources */ = {
			isa = PBXSourcesBuildPhase;
			buildActionMask = 2147483647;
			files = (
				332B6C4128BC0E65001A573C /* Stockbutton.swift in Sources */,
				33A5437528A8523600269AB7 /* ContentView.swift in Sources */,
				334E705A28BCBA6C00CBC1E6 /* Color.swift in Sources */,
				334E705C28BCCF8D00CBC1E6 /* ProfileButton.swift in Sources */,
				334E705728BCB3C500CBC1E6 /* Rectangle Button.swift in Sources */,
				332B6C3F28BB6BFF001A573C /* SqaureButtom.swift in Sources */,
				33A5437328A8523600269AB7 /* UiWorksDemoApp.swift in Sources */,
				33B95AD328AF80FB006A7F85 /* Layout.swift in Sources */,
			);
			runOnlyForDeploymentPostprocessing = 0;
		};
/* End PBXSourcesBuildPhase section */

/* Begin XCBuildConfiguration section */
		33A5437B28A8523800269AB7 /* Debug */ = {
			isa = XCBuildConfiguration;
			buildSettings = {
				ALWAYS_SEARCH_USER_PATHS = NO;
				CLANG_ANALYZER_NONNULL = YES;
				CLANG_ANALYZER_NUMBER_OBJECT_CONVERSION = YES_AGGRESSIVE;
				CLANG_CXX_LANGUAGE_STANDARD = "gnu++17";
				CLANG_ENABLE_MODULES = YES;
				CLANG_ENABLE_OBJC_ARC = YES;
				CLANG_ENABLE_OBJC_WEAK = YES;
				CLANG_WARN_BLOCK_CAPTURE_AUTORELEASING = YES;
				CLANG_WARN_BOOL_CONVERSION = YES;
				CLANG_WARN_COMMA = YES;
				CLANG_WARN_CONSTANT_CONVERSION = YES;
				CLANG_WARN_DEPRECATED_OBJC_IMPLEMENTATIONS = YES;
				CLANG_WARN_DIRECT_OBJC_ISA_USAGE = YES_ERROR;
				CLANG_WARN_DOCUMENTATION_COMMENTS = YES;
				CLANG_WARN_EMPTY_BODY = YES;
				CLANG_WARN_ENUM_CONVERSION = YES;
				CLANG_WARN_INFINITE_RECURSION = YES;
				CLANG_WARN_INT_CONVERSION = YES;
				CLANG_WARN_NON_LITERAL_NULL_CONVERSION = YES;
				CLANG_WARN_OBJC_IMPLICIT_RETAIN_SELF = YES;
				CLANG_WARN_OBJC_LITERAL_CONVERSION = YES;
				CLANG_WARN_OBJC_ROOT_CLASS = YES_ERROR;
				CLANG_WARN_QUOTED_INCLUDE_IN_FRAMEWORK_HEADER = YES;
				CLANG_WARN_RANGE_LOOP_ANALYSIS = YES;
				CLANG_WARN_STRICT_PROTOTYPES = YES;
				CLANG_WARN_SUSPICIOUS_MOVE = YES;
				CLANG_WARN_UNGUARDED_AVAILABILITY = YES_AGGRESSIVE;
				CLANG_WARN_UNREACHABLE_CODE = YES;
				CLANG_WARN__DUPLICATE_METHOD_MATCH = YES;
				COPY_PHASE_STRIP = NO;
				DEBUG_INFORMATION_FORMAT = dwarf;
				ENABLE_STRICT_OBJC_MSGSEND = YES;
				ENABLE_TESTABILITY = YES;
				GCC_C_LANGUAGE_STANDARD = gnu11;
				GCC_DYNAMIC_NO_PIC = NO;
				GCC_NO_COMMON_BLOCKS = YES;
				GCC_OPTIMIZATION_LEVEL = 0;
				GCC_PREPROCESSOR_DEFINITIONS = (
					"DEBUG=1",
					"$(inherited)",
				);
				GCC_WARN_64_TO_32_BIT_CONVERSION = YES;
				GCC_WARN_ABOUT_RETURN_TYPE = YES_ERROR;
				GCC_WARN_UNDECLARED_SELECTOR = YES;
				GCC_WARN_UNINITIALIZED_AUTOS = YES_AGGRESSIVE;
				GCC_WARN_UNUSED_FUNCTION = YES;
				GCC_WARN_UNUSED_VARIABLE = YES;
				IPHONEOS_DEPLOYMENT_TARGET = 15.5;
				MTL_ENABLE_DEBUG_INFO = INCLUDE_SOURCE;
				MTL_FAST_MATH = YES;
				ONLY_ACTIVE_ARCH = YES;
				SDKROOT = iphoneos;
				SWIFT_ACTIVE_COMPILATION_CONDITIONS = DEBUG;
				SWIFT_OPTIMIZATION_LEVEL = "-Onone";
			};
			name = Debug;
		};
		33A5437C28A8523800269AB7 /* Release */ = {
			isa = XCBuildConfiguration;
			buildSettings = {
				ALWAYS_SEARCH_USER_PATHS = NO;
				CLANG_ANALYZER_NONNULL = YES;
				CLANG_ANALYZER_NUMBER_OBJECT_CONVERSION = YES_AGGRESSIVE;
				CLANG_CXX_LANGUAGE_STANDARD = "gnu++17";
				CLANG_ENABLE_MODULES = YES;
				CLANG_ENABLE_OBJC_ARC = YES;
				CLANG_ENABLE_OBJC_WEAK = YES;
				CLANG_WARN_BLOCK_CAPTURE_AUTORELEASING = YES;
				CLANG_WARN_BOOL_CONVERSION = YES;
				CLANG_WARN_COMMA = YES;
				CLANG_WARN_CONSTANT_CONVERSION = YES;
				CLANG_WARN_DEPRECATED_OBJC_IMPLEMENTATIONS = YES;
				CLANG_WARN_DIRECT_OBJC_ISA_USAGE = YES_ERROR;
				CLANG_WARN_DOCUMENTATION_COMMENTS = YES;
				CLANG_WARN_EMPTY_BODY = YES;
				CLANG_WARN_ENUM_CONVERSION = YES;
				CLANG_WARN_INFINITE_RECURSION = YES;
				CLANG_WARN_INT_CONVERSION = YES;
				CLANG_WARN_NON_LITERAL_NULL_CONVERSION = YES;
				CLANG_WARN_OBJC_IMPLICIT_RETAIN_SELF = YES;
				CLANG_WARN_OBJC_LITERAL_CONVERSION = YES;
				CLANG_WARN_OBJC_ROOT_CLASS = YES_ERROR;
				CLANG_WARN_QUOTED_INCLUDE_IN_FRAMEWORK_HEADER = YES;
				CLANG_WARN_RANGE_LOOP_ANALYSIS = YES;
				CLANG_WARN_STRICT_PROTOTYPES = YES;
				CLANG_WARN_SUSPICIOUS_MOVE = YES;
				CLANG_WARN_UNGUARDED_AVAILABILITY = YES_AGGRESSIVE;
				CLANG_WARN_UNREACHABLE_CODE = YES;
				CLANG_WARN__DUPLICATE_METHOD_MATCH = YES;
				COPY_PHASE_STRIP = NO;
				DEBUG_INFORMATION_FORMAT = "dwarf-with-dsym";
				ENABLE_NS_ASSERTIONS = NO;
				ENABLE_STRICT_OBJC_MSGSEND = YES;
				GCC_C_LANGUAGE_STANDARD = gnu11;
				GCC_NO_COMMON_BLOCKS = YES;
				GCC_WARN_64_TO_32_BIT_CONVERSION = YES;
				GCC_WARN_ABOUT_RETURN_TYPE = YES_ERROR;
				GCC_WARN_UNDECLARED_SELECTOR = YES;
				GCC_WARN_UNINITIALIZED_AUTOS = YES_AGGRESSIVE;
				GCC_WARN_UNUSED_FUNCTION = YES;
				GCC_WARN_UNUSED_VARIABLE = YES;
				IPHONEOS_DEPLOYMENT_TARGET = 15.5;
				MTL_ENABLE_DEBUG_INFO = NO;
				MTL_FAST_MATH = YES;
				SDKROOT = iphoneos;
				SWIFT_COMPILATION_MODE = wholemodule;
				SWIFT_OPTIMIZATION_LEVEL = "-O";
				VALIDATE_PRODUCT = YES;
			};
			name = Release;
		};
		33A5437E28A8523800269AB7 /* Debug */ = {
			isa = XCBuildConfiguration;
			buildSettings = {
				ASSETCATALOG_COMPILER_APPICON_NAME = AppIcon;
				ASSETCATALOG_COMPILER_GLOBAL_ACCENT_COLOR_NAME = AccentColor;
				CODE_SIGN_STYLE = Automatic;
				CURRENT_PROJECT_VERSION = 1;
				DEVELOPMENT_ASSET_PATHS = "\"UiWorksDemo/Preview Content\"";
				DEVELOPMENT_TEAM = GX2GUX7BH2;
				ENABLE_PREVIEWS = YES;
				GENERATE_INFOPLIST_FILE = YES;
				INFOPLIST_KEY_UIApplicationSceneManifest_Generation = YES;
				INFOPLIST_KEY_UIApplicationSupportsIndirectInputEvents = YES;
				INFOPLIST_KEY_UILaunchScreen_Generation = YES;
				INFOPLIST_KEY_UISupportedInterfaceOrientations_iPad = "UIInterfaceOrientationPortrait UIInterfaceOrientationPortraitUpsideDown UIInterfaceOrientationLandscapeLeft UIInterfaceOrientationLandscapeRight";
				INFOPLIST_KEY_UISupportedInterfaceOrientations_iPhone = "UIInterfaceOrientationPortrait UIInterfaceOrientationLandscapeLeft UIInterfaceOrientationLandscapeRight";
				LD_RUNPATH_SEARCH_PATHS = (
					"$(inherited)",
					"@executable_path/Frameworks",
				);
				MARKETING_VERSION = 1.0;
				PRODUCT_BUNDLE_IDENTIFIER = shahujval.maximize.UiWorksDemo;
				PRODUCT_NAME = "$(TARGET_NAME)";
				SWIFT_EMIT_LOC_STRINGS = YES;
				SWIFT_VERSION = 5.0;
				TARGETED_DEVICE_FAMILY = "1,2";
			};
			name = Debug;
		};
		33A5437F28A8523800269AB7 /* Release */ = {
			isa = XCBuildConfiguration;
			buildSettings = {
				ASSETCATALOG_COMPILER_APPICON_NAME = AppIcon;
				ASSETCATALOG_COMPILER_GLOBAL_ACCENT_COLOR_NAME = AccentColor;
				CODE_SIGN_STYLE = Automatic;
				CURRENT_PROJECT_VERSION = 1;
				DEVELOPMENT_ASSET_PATHS = "\"UiWorksDemo/Preview Content\"";
				DEVELOPMENT_TEAM = GX2GUX7BH2;
				ENABLE_PREVIEWS = YES;
				GENERATE_INFOPLIST_FILE = YES;
				INFOPLIST_KEY_UIApplicationSceneManifest_Generation = YES;
				INFOPLIST_KEY_UIApplicationSupportsIndirectInputEvents = YES;
				INFOPLIST_KEY_UILaunchScreen_Generation = YES;
				INFOPLIST_KEY_UISupportedInterfaceOrientations_iPad = "UIInterfaceOrientationPortrait UIInterfaceOrientationPortraitUpsideDown UIInterfaceOrientationLandscapeLeft UIInterfaceOrientationLandscapeRight";
				INFOPLIST_KEY_UISupportedInterfaceOrientations_iPhone = "UIInterfaceOrientationPortrait UIInterfaceOrientationLandscapeLeft UIInterfaceOrientationLandscapeRight";
				LD_RUNPATH_SEARCH_PATHS = (
					"$(inherited)",
					"@executable_path/Frameworks",
				);
				MARKETING_VERSION = 1.0;
				PRODUCT_BUNDLE_IDENTIFIER = shahujval.maximize.UiWorksDemo;
				PRODUCT_NAME = "$(TARGET_NAME)";
				SWIFT_EMIT_LOC_STRINGS = YES;
				SWIFT_VERSION = 5.0;
				TARGETED_DEVICE_FAMILY = "1,2";
			};
			name = Release;
		};
/* End XCBuildConfiguration section */

/* Begin XCConfigurationList section */
		33A5436A28A8523600269AB7 /* Build configuration list for PBXProject "UiWorksDemo" */ = {
			isa = XCConfigurationList;
			buildConfigurations = (
				33A5437B28A8523800269AB7 /* Debug */,
				33A5437C28A8523800269AB7 /* Release */,
			);
			defaultConfigurationIsVisible = 0;
			defaultConfigurationName = Release;
		};
		33A5437D28A8523800269AB7 /* Build configuration list for PBXNativeTarget "UiWorksDemo" */ = {
			isa = XCConfigurationList;
			buildConfigurations = (
				33A5437E28A8523800269AB7 /* Debug */,
				33A5437F28A8523800269AB7 /* Release */,
			);
			defaultConfigurationIsVisible = 0;
			defaultConfigurationName = Release;
		};
/* End XCConfigurationList section */
	};
	rootObject = 33A5436728A8523600269AB7 /* Project object */;
}
